{
  "name": "package-publish",
  "version": "2.0.0",
  "lockfileVersion": 3,
  "requires": true,
  "packages": {
    "": {
      "name": "package-publish",
      "version": "2.0.0",
      "license": "MIT",
      "dependencies": {
        "atom-select-list": "^0.8.1"
      },
      "engines": {
        "atom": ">=1.100.0 <2.0.0"
      }
    },
    "node_modules/atom-select-list": {
      "version": "0.8.1",
      "resolved": "https://registry.npmjs.org/atom-select-list/-/atom-select-list-0.8.1.tgz",
      "integrity": "sha512-MpwlZmmI81odx7rY+HpJrRmDW9aXlkFDFDNt70JxrPibxEh8h9HCZZj22woa4CKFKVXC8sEiLMcNtuDeE10jog==",
      "license": "MIT",
      "dependencies": {
        "etch": "^0.14.0",
        "fuzzaldrin": "^2.1.0"
      }
    },
    "node_modules/etch": {
      "version": "0.14.1",
      "resolved": "https://registry.npmjs.org/etch/-/etch-0.14.1.tgz",
      "integrity": "sha512-+IwqSDBhaQFMUHJu4L/ir0dhDoW5IIihg4Z9lzsIxxne8V0PlSg0gnk2STaKWjGJQnDR4cxpA+a/dORX9kycTA==",
      "license": "MIT"
    },
    "node_modules/fuzzaldrin": {
      "version": "2.1.0",
      "resolved": "https://registry.npmjs.org/fuzzaldrin/-/fuzzaldrin-2.1.0.tgz",
      "integrity": "sha512-zgllBYwfHR5P3CncJiGbGVPpa3iFYW1yuPaIv8DiTVRrcg5/6uETNL5zvIoKflG1aifXVUZTlIroDehw4WygGA=="
    }
  }
}
